PODS:
  - Flutter (1.0.0)
  - FunctionalSwift (1.1.2)
  - MoneyAuth (1.2.1):
    - FunctionalSwift
    - YandexMoneyCoreApi
  - When (4.0.0)
  - yandex_kassa (0.0.1):
    - Flutter
    - YandexCheckoutPayments
  - YandexCheckoutPayments (4.1.0):
    - FunctionalSwift (~> 1.1.0)
    - MoneyAuth (~> 1.2.1)
    - When (~> 4.0.0)
    - YandexCheckoutPaymentsApi (~> 2.1.0)
    - YandexCheckoutWalletApi (~> 2.1.0)
    - YandexMobileMetrica/Dynamic (~> 3.7.0)
    - YandexMoneyCoreApi (~> 1.8.0)
  - YandexCheckoutPaymentsApi (2.1.0):
    - FunctionalSwift (~> 1.1.0)
    - YandexMoneyCoreApi (~> 1.8.0)
  - YandexCheckoutWalletApi (2.1.0):
    - FunctionalSwift (~> 1.1.0)
    - YandexMoneyCoreApi (~> 1.8.0)
  - YandexMobileMetrica/Dynamic (3.7.1):
    - YandexMobileMetrica/Dynamic/Core (= 3.7.1)
    - YandexMobileMetrica/Dynamic/Crashes (= 3.7.1)
  - YandexMobileMetrica/Dynamic/Core (3.7.1)
  - YandexMobileMetrica/Dynamic/Crashes (3.7.1):
    - YandexMobileMetrica/Dynamic/Core
  - YandexMoneyCoreApi (1.8.1):
    - FunctionalSwift (~> 1.1.0)

DEPENDENCIES:
  - Flutter (from `Flutter`)
  - yandex_kassa (from `.symlinks/plugins/yandex_kassa/ios`)
  - YandexCheckoutPayments (from `https://github.com/yandex-money/yandex-checkout-payments-swift.git`, tag `4.1.0`)

SPEC REPOS:
  "git@github.com:yandex-money-tech/cocoa-pod-specs.git":
    - MoneyAuth
  https://github.com/CocoaPods/Specs.git:
    - FunctionalSwift
    - When
    - YandexCheckoutPaymentsApi
    - YandexCheckoutWalletApi
    - YandexMobileMetrica
    - YandexMoneyCoreApi

EXTERNAL SOURCES:
  Flutter:
    :path: Flutter
  yandex_kassa:
    :path: ".symlinks/plugins/yandex_kassa/ios"
  YandexCheckoutPayments:
    :git: https://github.com/yandex-money/yandex-checkout-payments-swift.git
    :tag: 4.1.0

CHECKOUT OPTIONS:
  YandexCheckoutPayments:
    :git: https://github.com/yandex-money/yandex-checkout-payments-swift.git
    :tag: 4.1.0

SPEC CHECKSUMS:
  Flutter: 0e3d915762c693b495b44d77113d4970485de6ec
  FunctionalSwift: 8ac888d5c2f2c0ce6bf7d48daea1408a8bfdd864
  MoneyAuth: 3407a1600c34c73e6f7f2d3e4852e70ca2893fd7
  When: 4ffc88d535a094ad4bd5eaf2fd187de747e716d1
  yandex_kassa: 7ba4554866a50c820c5741d49872dffd2f3d23cb
  YandexCheckoutPayments: d43c659675d4a5dfb3ee79b077436b5040314d08
  YandexCheckoutPaymentsApi: 9d0706c55c5f4695040b916826de47ab7dd5ff1f
  YandexCheckoutWalletApi: 82f24c35ce02a8fed5fda58490c422022d453591
  YandexMobileMetrica: 95e93ee5af38520c9e470533dc8df6cf72fa171d
  YandexMoneyCoreApi: e7c095c06867a8b532e3f60ce6cd43cd8c16f67d

PODFILE CHECKSUM: 6abd6ff7160b01be0d5bc447950621b5289b8a27

COCOAPODS: 1.10.0
